
Microsoft Visual Studio Solution File, Format Version 12.00
# Visual Studio 14
VisualStudioVersion = 14.0.25420.1
MinimumVisualStudioVersion = 10.0.40219.1
Project("{FAE04EC0-301F-11D3-BF4B-00C04F79EFBC}") = "TestCalendar", "TestCalendar\TestCalendar\TestCalendar.csproj", "{9C1EEACD-73CA-4A07-914E-98D6FC85305F}"
EndProject
Project("{FAE04EC0-301F-11D3-BF4B-00C04F79EFBC}") = "TestCalendar.Droid", "TestCalendar\TestCalendar.Droid\TestCalendar.Droid.csproj", "{2DDE6F1B-F1F9-483C-B5D3-246327EE63CC}"
EndProject
Project("{FAE04EC0-301F-11D3-BF4B-00C04F79EFBC}") = "TestCalendar.iOS", "TestCalendar\TestCalendar.iOS\TestCalendar.iOS.csproj", "{FFF8EFE5-E707-45FE-A800-7F77164FD4C8}"
EndProject
Project("{FAE04EC0-301F-11D3-BF4B-00C04F79EFBC}") = "TestCalendar.UWP", "TestCalendar.UWP\TestCalendar.UWP.csproj", "{22E488CB-D971-4E00-902F-B81EACFA3BE7}"
EndProject
Global
	GlobalSection(SolutionConfigurationPlatforms) = preSolution
		Ad-Hoc|Any CPU = Ad-Hoc|Any CPU
		Ad-Hoc|ARM = Ad-Hoc|ARM
		Ad-Hoc|iPhone = Ad-Hoc|iPhone
		Ad-Hoc|iPhoneSimulator = Ad-Hoc|iPhoneSimulator
		Ad-Hoc|x64 = Ad-Hoc|x64
		Ad-Hoc|x86 = Ad-Hoc|x86
		AppStore|Any CPU = AppStore|Any CPU
		AppStore|ARM = AppStore|ARM
		AppStore|iPhone = AppStore|iPhone
		AppStore|iPhoneSimulator = AppStore|iPhoneSimulator
		AppStore|x64 = AppStore|x64
		AppStore|x86 = AppStore|x86
		Debug|Any CPU = Debug|Any CPU
		Debug|ARM = Debug|ARM
		Debug|iPhone = Debug|iPhone
		Debug|iPhoneSimulator = Debug|iPhoneSimulator
		Debug|x64 = Debug|x64
		Debug|x86 = Debug|x86
		Release|Any CPU = Release|Any CPU
		Release|ARM = Release|ARM
		Release|iPhone = Release|iPhone
		Release|iPhoneSimulator = Release|iPhoneSimulator
		Release|x64 = Release|x64
		Release|x86 = Release|x86
	EndGlobalSection
	GlobalSection(ProjectConfigurationPlatforms) = postSolution
		{9C1EEACD-73CA-4A07-914E-98D6FC85305F}.Ad-Hoc|Any CPU.ActiveCfg = Release|Any CPU
		{9C1EEACD-73CA-4A07-914E-98D6FC85305F}.Ad-Hoc|Any CPU.Build.0 = Release|Any CPU
		{9C1EEACD-73CA-4A07-914E-98D6FC85305F}.Ad-Hoc|ARM.ActiveCfg = Release|Any CPU
		{9C1EEACD-73CA-4A07-914E-98D6FC85305F}.Ad-Hoc|ARM.Build.0 = Release|Any CPU
		{9C1EEACD-73CA-4A07-914E-98D6FC85305F}.Ad-Hoc|iPhone.ActiveCfg = Release|Any CPU
		{9C1EEACD-73CA-4A07-914E-98D6FC85305F}.Ad-Hoc|iPhone.Build.0 = Release|Any CPU
		{9C1EEACD-73CA-4A07-914E-98D6FC85305F}.Ad-Hoc|iPhoneSimulator.ActiveCfg = Release|Any CPU
		{9C1EEACD-73CA-4A07-914E-98D6FC85305F}.Ad-Hoc|iPhoneSimulator.Build.0 = Release|Any CPU
		{9C1EEACD-73CA-4A07-914E-98D6FC85305F}.Ad-Hoc|x64.ActiveCfg = Release|Any CPU
		{9C1EEACD-73CA-4A07-914E-98D6FC85305F}.Ad-Hoc|x64.Build.0 = Release|Any CPU
		{9C1EEACD-73CA-4A07-914E-98D6FC85305F}.Ad-Hoc|x86.ActiveCfg = Release|Any CPU
		{9C1EEACD-73CA-4A07-914E-98D6FC85305F}.Ad-Hoc|x86.Build.0 = Release|Any CPU
		{9C1EEACD-73CA-4A07-914E-98D6FC85305F}.AppStore|Any CPU.ActiveCfg = Release|Any CPU
		{9C1EEACD-73CA-4A07-914E-98D6FC85305F}.AppStore|Any CPU.Build.0 = Release|Any CPU
		{9C1EEACD-73CA-4A07-914E-98D6FC85305F}.AppStore|ARM.ActiveCfg = Release|Any CPU
		{9C1EEACD-73CA-4A07-914E-98D6FC85305F}.AppStore|ARM.Build.0 = Release|Any CPU
		{9C1EEACD-73CA-4A07-914E-98D6FC85305F}.AppStore|iPhone.ActiveCfg = Release|Any CPU
		{9C1EEACD-73CA-4A07-914E-98D6FC85305F}.AppStore|iPhone.Build.0 = Release|Any CPU
		{9C1EEACD-73CA-4A07-914E-98D6FC85305F}.AppStore|iPhoneSimulator.ActiveCfg = Release|Any CPU
		{9C1EEACD-73CA-4A07-914E-98D6FC85305F}.AppStore|iPhoneSimulator.Build.0 = Release|Any CPU
		{9C1EEACD-73CA-4A07-914E-98D6FC85305F}.AppStore|x64.ActiveCfg = Release|Any CPU
		{9C1EEACD-73CA-4A07-914E-98D6FC85305F}.AppStore|x64.Build.0 = Release|Any CPU
		{9C1EEACD-73CA-4A07-914E-98D6FC85305F}.AppStore|x86.ActiveCfg = Release|Any CPU
		{9C1EEACD-73CA-4A07-914E-98D6FC85305F}.AppStore|x86.Build.0 = Release|Any CPU
		{9C1EEACD-73CA-4A07-914E-98D6FC85305F}.Debug|Any CPU.ActiveCfg = Debug|Any CPU
		{9C1EEACD-73CA-4A07-914E-98D6FC85305F}.Debug|Any CPU.Build.0 = Debug|Any CPU
		{9C1EEACD-73CA-4A07-914E-98D6FC85305F}.Debug|ARM.ActiveCfg = Debug|Any CPU
		{9C1EEACD-73CA-4A07-914E-98D6FC85305F}.Debug|ARM.Build.0 = Debug|Any CPU
		{9C1EEACD-73CA-4A07-914E-98D6FC85305F}.Debug|iPhone.ActiveCfg = Debug|Any CPU
		{9C1EEACD-73CA-4A07-914E-98D6FC85305F}.Debug|iPhone.Build.0 = Debug|Any CPU
		{9C1EEACD-73CA-4A07-914E-98D6FC85305F}.Debug|iPhoneSimulator.ActiveCfg = Debug|Any CPU
		{9C1EEACD-73CA-4A07-914E-98D6FC85305F}.Debug|iPhoneSimulator.Build.0 = Debug|Any CPU
		{9C1EEACD-73CA-4A07-914E-98D6FC85305F}.Debug|x64.ActiveCfg = Debug|Any CPU
		{9C1EEACD-73CA-4A07-914E-98D6FC85305F}.Debug|x64.Build.0 = Debug|Any CPU
		{9C1EEACD-73CA-4A07-914E-98D6FC85305F}.Debug|x86.ActiveCfg = Debug|Any CPU
		{9C1EEACD-73CA-4A07-914E-98D6FC85305F}.Debug|x86.Build.0 = Debug|Any CPU
		{9C1EEACD-73CA-4A07-914E-98D6FC85305F}.Release|Any CPU.ActiveCfg = Release|Any CPU
		{9C1EEACD-73CA-4A07-914E-98D6FC85305F}.Release|Any CPU.Build.0 = Release|Any CPU
		{9C1EEACD-73CA-4A07-914E-98D6FC85305F}.Release|ARM.ActiveCfg = Release|Any CPU
		{9C1EEACD-73CA-4A07-914E-98D6FC85305F}.Release|ARM.Build.0 = Release|Any CPU
		{9C1EEACD-73CA-4A07-914E-98D6FC85305F}.Release|iPhone.ActiveCfg = Release|Any CPU
		{9C1EEACD-73CA-4A07-914E-98D6FC85305F}.Release|iPhone.Build.0 = Release|Any CPU
		{9C1EEACD-73CA-4A07-914E-98D6FC85305F}.Release|iPhoneSimulator.ActiveCfg = Release|Any CPU
		{9C1EEACD-73CA-4A07-914E-98D6FC85305F}.Release|iPhoneSimulator.Build.0 = Release|Any CPU
		{9C1EEACD-73CA-4A07-914E-98D6FC85305F}.Release|x64.ActiveCfg = Release|Any CPU
		{9C1EEACD-73CA-4A07-914E-98D6FC85305F}.Release|x64.Build.0 = Release|Any CPU
		{9C1EEACD-73CA-4A07-914E-98D6FC85305F}.Release|x86.ActiveCfg = Release|Any CPU
		{9C1EEACD-73CA-4A07-914E-98D6FC85305F}.Release|x86.Build.0 = Release|Any CPU
		{2DDE6F1B-F1F9-483C-B5D3-246327EE63CC}.Ad-Hoc|Any CPU.ActiveCfg = Release|Any CPU
		{2DDE6F1B-F1F9-483C-B5D3-246327EE63CC}.Ad-Hoc|Any CPU.Build.0 = Release|Any CPU
		{2DDE6F1B-F1F9-483C-B5D3-246327EE63CC}.Ad-Hoc|Any CPU.Deploy.0 = Release|Any CPU
		{2DDE6F1B-F1F9-483C-B5D3-246327EE63CC}.Ad-Hoc|ARM.ActiveCfg = Release|Any CPU
		{2DDE6F1B-F1F9-483C-B5D3-246327EE63CC}.Ad-Hoc|ARM.Build.0 = Release|Any CPU
		{2DDE6F1B-F1F9-483C-B5D3-246327EE63CC}.Ad-Hoc|ARM.Deploy.0 = Release|Any CPU
		{2DDE6F1B-F1F9-483C-B5D3-246327EE63CC}.Ad-Hoc|iPhone.ActiveCfg = Release|Any CPU
		{2DDE6F1B-F1F9-483C-B5D3-246327EE63CC}.Ad-Hoc|iPhone.Build.0 = Release|Any CPU
		{2DDE6F1B-F1F9-483C-B5D3-246327EE63CC}.Ad-Hoc|iPhone.Deploy.0 = Release|Any CPU
		{2DDE6F1B-F1F9-483C-B5D3-246327EE63CC}.Ad-Hoc|iPhoneSimulator.ActiveCfg = Release|Any CPU
		{2DDE6F1B-F1F9-483C-B5D3-246327EE63CC}.Ad-Hoc|iPhoneSimulator.Build.0 = Release|Any CPU
		{2DDE6F1B-F1F9-483C-B5D3-246327EE63CC}.Ad-Hoc|iPhoneSimulator.Deploy.0 = Release|Any CPU
		{2DDE6F1B-F1F9-483C-B5D3-246327EE63CC}.Ad-Hoc|x64.ActiveCfg = Release|Any CPU
		{2DDE6F1B-F1F9-483C-B5D3-246327EE63CC}.Ad-Hoc|x64.Build.0 = Release|Any CPU
		{2DDE6F1B-F1F9-483C-B5D3-246327EE63CC}.Ad-Hoc|x64.Deploy.0 = Release|Any CPU
		{2DDE6F1B-F1F9-483C-B5D3-246327EE63CC}.Ad-Hoc|x86.ActiveCfg = Release|Any CPU
		{2DDE6F1B-F1F9-483C-B5D3-246327EE63CC}.Ad-Hoc|x86.Build.0 = Release|Any CPU
		{2DDE6F1B-F1F9-483C-B5D3-246327EE63CC}.Ad-Hoc|x86.Deploy.0 = Release|Any CPU
		{2DDE6F1B-F1F9-483C-B5D3-246327EE63CC}.AppStore|Any CPU.ActiveCfg = Release|Any CPU
		{2DDE6F1B-F1F9-483C-B5D3-246327EE63CC}.AppStore|Any CPU.Build.0 = Release|Any CPU
		{2DDE6F1B-F1F9-483C-B5D3-246327EE63CC}.AppStore|Any CPU.Deploy.0 = Release|Any CPU
		{2DDE6F1B-F1F9-483C-B5D3-246327EE63CC}.AppStore|ARM.ActiveCfg = Release|Any CPU
		{2DDE6F1B-F1F9-483C-B5D3-246327EE63CC}.AppStore|ARM.Build.0 = Release|Any CPU
		{2DDE6F1B-F1F9-483C-B5D3-246327EE63CC}.AppStore|ARM.Deploy.0 = Release|Any CPU
		{2DDE6F1B-F1F9-483C-B5D3-246327EE63CC}.AppStore|iPhone.ActiveCfg = Release|Any CPU
		{2DDE6F1B-F1F9-483C-B5D3-246327EE63CC}.AppStore|iPhone.Build.0 = Release|Any CPU
		{2DDE6F1B-F1F9-483C-B5D3-246327EE63CC}.AppStore|iPhone.Deploy.0 = Release|Any CPU
		{2DDE6F1B-F1F9-483C-B5D3-246327EE63CC}.AppStore|iPhoneSimulator.ActiveCfg = Release|Any CPU
		{2DDE6F1B-F1F9-483C-B5D3-246327EE63CC}.AppStore|iPhoneSimulator.Build.0 = Release|Any CPU
		{2DDE6F1B-F1F9-483C-B5D3-246327EE63CC}.AppStore|iPhoneSimulator.Deploy.0 = Release|Any CPU
		{2DDE6F1B-F1F9-483C-B5D3-246327EE63CC}.AppStore|x64.ActiveCfg = Release|Any CPU
		{2DDE6F1B-F1F9-483C-B5D3-246327EE63CC}.AppStore|x64.Build.0 = Release|Any CPU
		{2DDE6F1B-F1F9-483C-B5D3-246327EE63CC}.AppStore|x64.Deploy.0 = Release|Any CPU
		{2DDE6F1B-F1F9-483C-B5D3-246327EE63CC}.AppStore|x86.ActiveCfg = Release|Any CPU
		{2DDE6F1B-F1F9-483C-B5D3-246327EE63CC}.AppStore|x86.Build.0 = Release|Any CPU
		{2DDE6F1B-F1F9-483C-B5D3-246327EE63CC}.AppStore|x86.Deploy.0 = Release|Any CPU
		{2DDE6F1B-F1F9-483C-B5D3-246327EE63CC}.Debug|Any CPU.ActiveCfg = Debug|Any CPU
		{2DDE6F1B-F1F9-483C-B5D3-246327EE63CC}.Debug|Any CPU.Build.0 = Debug|Any CPU
		{2DDE6F1B-F1F9-483C-B5D3-246327EE63CC}.Debug|Any CPU.Deploy.0 = Debug|Any CPU
		{2DDE6F1B-F1F9-483C-B5D3-246327EE63CC}.Debug|ARM.ActiveCfg = Debug|Any CPU
		{2DDE6F1B-F1F9-483C-B5D3-246327EE63CC}.Debug|ARM.Build.0 = Debug|Any CPU
		{2DDE6F1B-F1F9-483C-B5D3-246327EE63CC}.Debug|ARM.Deploy.0 = Debug|Any CPU
		{2DDE6F1B-F1F9-483C-B5D3-246327EE63CC}.Debug|iPhone.ActiveCfg = Debug|Any CPU
		{2DDE6F1B-F1F9-483C-B5D3-246327EE63CC}.Debug|iPhone.Build.0 = Debug|Any CPU
		{2DDE6F1B-F1F9-483C-B5D3-246327EE63CC}.Debug|iPhone.Deploy.0 = Debug|Any CPU
		{2DDE6F1B-F1F9-483C-B5D3-246327EE63CC}.Debug|iPhoneSimulator.ActiveCfg = Debug|Any CPU
		{2DDE6F1B-F1F9-483C-B5D3-246327EE63CC}.Debug|iPhoneSimulator.Build.0 = Debug|Any CPU
		{2DDE6F1B-F1F9-483C-B5D3-246327EE63CC}.Debug|iPhoneSimulator.Deploy.0 = Debug|Any CPU
		{2DDE6F1B-F1F9-483C-B5D3-246327EE63CC}.Debug|x64.ActiveCfg = Debug|Any CPU
		{2DDE6F1B-F1F9-483C-B5D3-246327EE63CC}.Debug|x64.Build.0 = Debug|Any CPU
		{2DDE6F1B-F1F9-483C-B5D3-246327EE63CC}.Debug|x64.Deploy.0 = Debug|Any CPU
		{2DDE6F1B-F1F9-483C-B5D3-246327EE63CC}.Debug|x86.ActiveCfg = Debug|Any CPU
		{2DDE6F1B-F1F9-483C-B5D3-246327EE63CC}.Debug|x86.Build.0 = Debug|Any CPU
		{2DDE6F1B-F1F9-483C-B5D3-246327EE63CC}.Debug|x86.Deploy.0 = Debug|Any CPU
		{2DDE6F1B-F1F9-483C-B5D3-246327EE63CC}.Release|Any CPU.ActiveCfg = Release|Any CPU
		{2DDE6F1B-F1F9-483C-B5D3-246327EE63CC}.Release|Any CPU.Build.0 = Release|Any CPU
		{2DDE6F1B-F1F9-483C-B5D3-246327EE63CC}.Release|Any CPU.Deploy.0 = Release|Any CPU
		{2DDE6F1B-F1F9-483C-B5D3-246327EE63CC}.Release|ARM.ActiveCfg = Release|Any CPU
		{2DDE6F1B-F1F9-483C-B5D3-246327EE63CC}.Release|ARM.Build.0 = Release|Any CPU
		{2DDE6F1B-F1F9-483C-B5D3-246327EE63CC}.Release|ARM.Deploy.0 = Release|Any CPU
		{2DDE6F1B-F1F9-483C-B5D3-246327EE63CC}.Release|iPhone.ActiveCfg = Release|Any CPU
		{2DDE6F1B-F1F9-483C-B5D3-246327EE63CC}.Release|iPhone.Build.0 = Release|Any CPU
		{2DDE6F1B-F1F9-483C-B5D3-246327EE63CC}.Release|iPhone.Deploy.0 = Release|Any CPU
		{2DDE6F1B-F1F9-483C-B5D3-246327EE63CC}.Release|iPhoneSimulator.ActiveCfg = Release|Any CPU
		{2DDE6F1B-F1F9-483C-B5D3-246327EE63CC}.Release|iPhoneSimulator.Build.0 = Release|Any CPU
		{2DDE6F1B-F1F9-483C-B5D3-246327EE63CC}.Release|iPhoneSimulator.Deploy.0 = Release|Any CPU
		{2DDE6F1B-F1F9-483C-B5D3-246327EE63CC}.Release|x64.ActiveCfg = Release|Any CPU
		{2DDE6F1B-F1F9-483C-B5D3-246327EE63CC}.Release|x64.Build.0 = Release|Any CPU
		{2DDE6F1B-F1F9-483C-B5D3-246327EE63CC}.Release|x64.Deploy.0 = Release|Any CPU
		{2DDE6F1B-F1F9-483C-B5D3-246327EE63CC}.Release|x86.ActiveCfg = Release|Any CPU
		{2DDE6F1B-F1F9-483C-B5D3-246327EE63CC}.Release|x86.Build.0 = Release|Any CPU
		{2DDE6F1B-F1F9-483C-B5D3-246327EE63CC}.Release|x86.Deploy.0 = Release|Any CPU
		{FFF8EFE5-E707-45FE-A800-7F77164FD4C8}.Ad-Hoc|Any CPU.ActiveCfg = Ad-Hoc|iPhone
		{FFF8EFE5-E707-45FE-A800-7F77164FD4C8}.Ad-Hoc|ARM.ActiveCfg = Ad-Hoc|iPhone
		{FFF8EFE5-E707-45FE-A800-7F77164FD4C8}.Ad-Hoc|iPhone.ActiveCfg = Ad-Hoc|iPhone
		{FFF8EFE5-E707-45FE-A800-7F77164FD4C8}.Ad-Hoc|iPhone.Build.0 = Ad-Hoc|iPhone
		{FFF8EFE5-E707-45FE-A800-7F77164FD4C8}.Ad-Hoc|iPhoneSimulator.ActiveCfg = Ad-Hoc|iPhoneSimulator
		{FFF8EFE5-E707-45FE-A800-7F77164FD4C8}.Ad-Hoc|iPhoneSimulator.Build.0 = Ad-Hoc|iPhoneSimulator
		{FFF8EFE5-E707-45FE-A800-7F77164FD4C8}.Ad-Hoc|x64.ActiveCfg = Ad-Hoc|iPhone
		{FFF8EFE5-E707-45FE-A800-7F77164FD4C8}.Ad-Hoc|x86.ActiveCfg = Ad-Hoc|iPhone
		{FFF8EFE5-E707-45FE-A800-7F77164FD4C8}.AppStore|Any CPU.ActiveCfg = AppStore|iPhone
		{FFF8EFE5-E707-45FE-A800-7F77164FD4C8}.AppStore|ARM.ActiveCfg = AppStore|iPhone
		{FFF8EFE5-E707-45FE-A800-7F77164FD4C8}.AppStore|iPhone.ActiveCfg = AppStore|iPhone
		{FFF8EFE5-E707-45FE-A800-7F77164FD4C8}.AppStore|iPhone.Build.0 = AppStore|iPhone
		{FFF8EFE5-E707-45FE-A800-7F77164FD4C8}.AppStore|iPhoneSimulator.ActiveCfg = AppStore|iPhoneSimulator
		{FFF8EFE5-E707-45FE-A800-7F77164FD4C8}.AppStore|iPhoneSimulator.Build.0 = AppStore|iPhoneSimulator
		{FFF8EFE5-E707-45FE-A800-7F77164FD4C8}.AppStore|x64.ActiveCfg = AppStore|iPhone
		{FFF8EFE5-E707-45FE-A800-7F77164FD4C8}.AppStore|x86.ActiveCfg = AppStore|iPhone
		{FFF8EFE5-E707-45FE-A800-7F77164FD4C8}.Debug|Any CPU.ActiveCfg = Debug|iPhone
		{FFF8EFE5-E707-45FE-A800-7F77164FD4C8}.Debug|ARM.ActiveCfg = Debug|iPhone
		{FFF8EFE5-E707-45FE-A800-7F77164FD4C8}.Debug|iPhone.ActiveCfg = Debug|iPhone
		{FFF8EFE5-E707-45FE-A800-7F77164FD4C8}.Debug|iPhone.Build.0 = Debug|iPhone
		{FFF8EFE5-E707-45FE-A800-7F77164FD4C8}.Debug|iPhoneSimulator.ActiveCfg = Debug|iPhoneSimulator
		{FFF8EFE5-E707-45FE-A800-7F77164FD4C8}.Debug|iPhoneSimulator.Build.0 = Debug|iPhoneSimulator
		{FFF8EFE5-E707-45FE-A800-7F77164FD4C8}.Debug|x64.ActiveCfg = Debug|iPhone
		{FFF8EFE5-E707-45FE-A800-7F77164FD4C8}.Debug|x86.ActiveCfg = Debug|iPhone
		{FFF8EFE5-E707-45FE-A800-7F77164FD4C8}.Release|Any CPU.ActiveCfg = Release|iPhone
		{FFF8EFE5-E707-45FE-A800-7F77164FD4C8}.Release|ARM.ActiveCfg = Release|iPhone
		{FFF8EFE5-E707-45FE-A800-7F77164FD4C8}.Release|iPhone.ActiveCfg = Release|iPhone
		{FFF8EFE5-E707-45FE-A800-7F77164FD4C8}.Release|iPhone.Build.0 = Release|iPhone
		{FFF8EFE5-E707-45FE-A800-7F77164FD4C8}.Release|iPhoneSimulator.ActiveCfg = Release|iPhoneSimulator
		{FFF8EFE5-E707-45FE-A800-7F77164FD4C8}.Release|iPhoneSimulator.Build.0 = Release|iPhoneSimulator
		{FFF8EFE5-E707-45FE-A800-7F77164FD4C8}.Release|x64.ActiveCfg = Release|iPhone
		{FFF8EFE5-E707-45FE-A800-7F77164FD4C8}.Release|x86.ActiveCfg = Release|iPhone
		{22E488CB-D971-4E00-902F-B81EACFA3BE7}.Ad-Hoc|Any CPU.ActiveCfg = Release|x64
		{22E488CB-D971-4E00-902F-B81EACFA3BE7}.Ad-Hoc|Any CPU.Build.0 = Release|x64
		{22E488CB-D971-4E00-902F-B81EACFA3BE7}.Ad-Hoc|Any CPU.Deploy.0 = Release|x64
		{22E488CB-D971-4E00-902F-B81EACFA3BE7}.Ad-Hoc|ARM.ActiveCfg = Release|ARM
		{22E488CB-D971-4E00-902F-B81EACFA3BE7}.Ad-Hoc|ARM.Build.0 = Release|ARM
		{22E488CB-D971-4E00-902F-B81EACFA3BE7}.Ad-Hoc|ARM.Deploy.0 = Release|ARM
		{22E488CB-D971-4E00-902F-B81EACFA3BE7}.Ad-Hoc|iPhone.ActiveCfg = Release|x64
		{22E488CB-D971-4E00-902F-B81EACFA3BE7}.Ad-Hoc|iPhone.Build.0 = Release|x64
		{22E488CB-D971-4E00-902F-B81EACFA3BE7}.Ad-Hoc|iPhone.Deploy.0 = Release|x64
		{22E488CB-D971-4E00-902F-B81EACFA3BE7}.Ad-Hoc|iPhoneSimulator.ActiveCfg = Release|x64
		{22E488CB-D971-4E00-902F-B81EACFA3BE7}.Ad-Hoc|iPhoneSimulator.Build.0 = Release|x64
		{22E488CB-D971-4E00-902F-B81EACFA3BE7}.Ad-Hoc|iPhoneSimulator.Deploy.0 = Release|x64
		{22E488CB-D971-4E00-902F-B81EACFA3BE7}.Ad-Hoc|x64.ActiveCfg = Release|x64
		{22E488CB-D971-4E00-902F-B81EACFA3BE7}.Ad-Hoc|x64.Build.0 = Release|x64
		{22E488CB-D971-4E00-902F-B81EACFA3BE7}.Ad-Hoc|x64.Deploy.0 = Release|x64
		{22E488CB-D971-4E00-902F-B81EACFA3BE7}.Ad-Hoc|x86.ActiveCfg = Release|x86
		{22E488CB-D971-4E00-902F-B81EACFA3BE7}.Ad-Hoc|x86.Build.0 = Release|x86
		{22E488CB-D971-4E00-902F-B81EACFA3BE7}.Ad-Hoc|x86.Deploy.0 = Release|x86
		{22E488CB-D971-4E00-902F-B81EACFA3BE7}.AppStore|Any CPU.ActiveCfg = Release|x64
		{22E488CB-D971-4E00-902F-B81EACFA3BE7}.AppStore|Any CPU.Build.0 = Release|x64
		{22E488CB-D971-4E00-902F-B81EACFA3BE7}.AppStore|Any CPU.Deploy.0 = Release|x64
		{22E488CB-D971-4E00-902F-B81EACFA3BE7}.AppStore|ARM.ActiveCfg = Release|ARM
		{22E488CB-D971-4E00-902F-B81EACFA3BE7}.AppStore|ARM.Build.0 = Release|ARM
		{22E488CB-D971-4E00-902F-B81EACFA3BE7}.AppStore|ARM.Deploy.0 = Release|ARM
		{22E488CB-D971-4E00-902F-B81EACFA3BE7}.AppStore|iPhone.ActiveCfg = Release|x64
		{22E488CB-D971-4E00-902F-B81EACFA3BE7}.AppStore|iPhone.Build.0 = Release|x64
		{22E488CB-D971-4E00-902F-B81EACFA3BE7}.AppStore|iPhone.Deploy.0 = Release|x64
		{22E488CB-D971-4E00-902F-B81EACFA3BE7}.AppStore|iPhoneSimulator.ActiveCfg = Release|x64
		{22E488CB-D971-4E00-902F-B81EACFA3BE7}.AppStore|iPhoneSimulator.Build.0 = Release|x64
		{22E488CB-D971-4E00-902F-B81EACFA3BE7}.AppStore|iPhoneSimulator.Deploy.0 = Release|x64
		{22E488CB-D971-4E00-902F-B81EACFA3BE7}.AppStore|x64.ActiveCfg = Release|x64
		{22E488CB-D971-4E00-902F-B81EACFA3BE7}.AppStore|x64.Build.0 = Release|x64
		{22E488CB-D971-4E00-902F-B81EACFA3BE7}.AppStore|x64.Deploy.0 = Release|x64
		{22E488CB-D971-4E00-902F-B81EACFA3BE7}.AppStore|x86.ActiveCfg = Release|x86
		{22E488CB-D971-4E00-902F-B81EACFA3BE7}.AppStore|x86.Build.0 = Release|x86
		{22E488CB-D971-4E00-902F-B81EACFA3BE7}.AppStore|x86.Deploy.0 = Release|x86
		{22E488CB-D971-4E00-902F-B81EACFA3BE7}.Debug|Any CPU.ActiveCfg = Debug|x86
		{22E488CB-D971-4E00-902F-B81EACFA3BE7}.Debug|ARM.ActiveCfg = Debug|ARM
		{22E488CB-D971-4E00-902F-B81EACFA3BE7}.Debug|ARM.Build.0 = Debug|ARM
		{22E488CB-D971-4E00-902F-B81EACFA3BE7}.Debug|ARM.Deploy.0 = Debug|ARM
		{22E488CB-D971-4E00-902F-B81EACFA3BE7}.Debug|iPhone.ActiveCfg = Debug|x86
		{22E488CB-D971-4E00-902F-B81EACFA3BE7}.Debug|iPhoneSimulator.ActiveCfg = Debug|x86
		{22E488CB-D971-4E00-902F-B81EACFA3BE7}.Debug|x64.ActiveCfg = Debug|x64
		{22E488CB-D971-4E00-902F-B81EACFA3BE7}.Debug|x64.Build.0 = Debug|x64
		{22E488CB-D971-4E00-902F-B81EACFA3BE7}.Debug|x64.Deploy.0 = Debug|x64
		{22E488CB-D971-4E00-902F-B81EACFA3BE7}.Debug|x86.ActiveCfg = Debug|x86
		{22E488CB-D971-4E00-902F-B81EACFA3BE7}.Debug|x86.Build.0 = Debug|x86
		{22E488CB-D971-4E00-902F-B81EACFA3BE7}.Debug|x86.Deploy.0 = Debug|x86
		{22E488CB-D971-4E00-902F-B81EACFA3BE7}.Release|Any CPU.ActiveCfg = Release|x86
		{22E488CB-D971-4E00-902F-B81EACFA3BE7}.Release|ARM.ActiveCfg = Release|ARM
		{22E488CB-D971-4E00-902F-B81EACFA3BE7}.Release|ARM.Build.0 = Release|ARM
		{22E488CB-D971-4E00-902F-B81EACFA3BE7}.Release|ARM.Deploy.0 = Release|ARM
		{22E488CB-D971-4E00-902F-B81EACFA3BE7}.Release|iPhone.ActiveCfg = Release|x86
		{22E488CB-D971-4E00-902F-B81EACFA3BE7}.Release|iPhoneSimulator.ActiveCfg = Release|x86
		{22E488CB-D971-4E00-902F-B81EACFA3BE7}.Release|x64.ActiveCfg = Release|x64
		{22E488CB-D971-4E00-902F-B81EACFA3BE7}.Release|x64.Build.0 = Release|x64
		{22E488CB-D971-4E00-902F-B81EACFA3BE7}.Release|x64.Deploy.0 = Release|x64
		{22E488CB-D971-4E00-902F-B81EACFA3BE7}.Release|x86.ActiveCfg = Release|x86
		{22E488CB-D971-4E00-902F-B81EACFA3BE7}.Release|x86.Build.0 = Release|x86
		{22E488CB-D971-4E00-902F-B81EACFA3BE7}.Release|x86.Deploy.0 = Release|x86
	EndGlobalSection
	GlobalSection(SolutionProperties) = preSolution
		HideSolutionNode = FALSE
	EndGlobalSection
EndGlobal
